// !$*UTF8*$!
{
	archiveVersion = 1;
	classes = {
	};
	objectVersion = 56;
	objects = {

/* Begin PBXBuildFile section */
		CE5C2535295F79EA0075CC73 /* AppDelegate.swift in Sources */ = {isa = PBXBuildFile; fileRef = CE5C2534295F79EA0075CC73 /* AppDelegate.swift */; };
		CE5C2537295F79EA0075CC73 /* ContentView.swift in Sources */ = {isa = PBXBuildFile; fileRef = CE5C2536295F79EA0075CC73 /* ContentView.swift */; };
		CE5C253B295F79EC0075CC73 /* Assets.xcassets in Resources */ = {isa = PBXBuildFile; fileRef = CE5C253A295F79EC0075CC73 /* Assets.xcassets */; };
		CE5C253E295F79EC0075CC73 /* Preview Assets.xcassets in Resources */ = {isa = PBXBuildFile; fileRef = CE5C253D295F79EC0075CC73 /* Preview Assets.xcassets */; };
		CE6691592963255100674F7F /* ARViewContainer.swift in Sources */ = {isa = PBXBuildFile; fileRef = CE6691582963255100674F7F /* ARViewContainer.swift */; };
		CE66915B296327B800674F7F /* UIColor+Extension.swift in Sources */ = {isa = PBXBuildFile; fileRef = CE66915A296327B800674F7F /* UIColor+Extension.swift */; };
		CE669160296339A800674F7F /* shoe.usdz in Resources */ = {isa = PBXBuildFile; fileRef = CE66915F296339A800674F7F /* shoe.usdz */; };
		CE6691622963425B00674F7F /* toy-drummer.usdz in Resources */ = {isa = PBXBuildFile; fileRef = CE6691612963425B00674F7F /* toy-drummer.usdz */; };
		CE6691642963540400674F7F /* lunar-rover.reality in Resources */ = {isa = PBXBuildFile; fileRef = CE6691632963536500674F7F /* lunar-rover.reality */; };
		CE66916629635D1D00674F7F /* OcclussionContainer.swift in Sources */ = {isa = PBXBuildFile; fileRef = CE66916529635D1D00674F7F /* OcclussionContainer.swift */; };
		CE6691682963658C00674F7F /* VideoContainer.swift in Sources */ = {isa = PBXBuildFile; fileRef = CE6691672963658C00674F7F /* VideoContainer.swift */; };
		CE942A3329645D2C00DC9012 /* UnlitContainer.swift in Sources */ = {isa = PBXBuildFile; fileRef = CE942A3229645D2C00DC9012 /* UnlitContainer.swift */; };
		CE942A4329645F7A00DC9012 /* TextureContainer.swift in Sources */ = {isa = PBXBuildFile; fileRef = CE942A4229645F7A00DC9012 /* TextureContainer.swift */; };
		CE942A4529646D3B00DC9012 /* sonares-album.jpeg in Resources */ = {isa = PBXBuildFile; fileRef = CE942A4429646D3B00DC9012 /* sonares-album.jpeg */; };
		CE942A4829646DF700DC9012 /* sonares-vinyl-promo-card.jpeg in Resources */ = {isa = PBXBuildFile; fileRef = CE942A4729646DF700DC9012 /* sonares-vinyl-promo-card.jpeg */; };
		CE942A4929646F6F00DC9012 /* el-mundo-promo.mp4 in Resources */ = {isa = PBXBuildFile; fileRef = CE942A4629646DE000DC9012 /* el-mundo-promo.mp4 */; };
		CE942A4B29648EDD00DC9012 /* GravityContainer.swift in Sources */ = {isa = PBXBuildFile; fileRef = CE942A4A29648EDD00DC9012 /* GravityContainer.swift */; };
		CE942A4D296495DE00DC9012 /* CollisionDetectionContainer.swift in Sources */ = {isa = PBXBuildFile; fileRef = CE942A4C296495DE00DC9012 /* CollisionDetectionContainer.swift */; };
		CE942A4F29649C1E00DC9012 /* CollisionDetectionTwoContainer.swift in Sources */ = {isa = PBXBuildFile; fileRef = CE942A4E29649C1E00DC9012 /* CollisionDetectionTwoContainer.swift */; };
		CE942A522964AD8000DC9012 /* MovableEntity.swift in Sources */ = {isa = PBXBuildFile; fileRef = CE942A512964AD8000DC9012 /* MovableEntity.swift */; };
		CE942A542964B36900DC9012 /* CoachingOverlayContainer.swift in Sources */ = {isa = PBXBuildFile; fileRef = CE942A532964B36900DC9012 /* CoachingOverlayContainer.swift */; };
		CE942A562964BC6600DC9012 /* ARView+Extension.swift in Sources */ = {isa = PBXBuildFile; fileRef = CE942A552964BC6600DC9012 /* ARView+Extension.swift */; };
/* End PBXBuildFile section */

/* Begin PBXFileReference section */
		CE5C2531295F79EA0075CC73 /* ExamplesAR.app */ = {isa = PBXFileReference; explicitFileType = wrapper.application; includeInIndex = 0; path = ExamplesAR.app; sourceTree = BUILT_PRODUCTS_DIR; };
		CE5C2534295F79EA0075CC73 /* AppDelegate.swift */ = {isa = PBXFileReference; lastKnownFileType = sourcecode.swift; path = AppDelegate.swift; sourceTree = "<group>"; };
		CE5C2536295F79EA0075CC73 /* ContentView.swift */ = {isa = PBXFileReference; lastKnownFileType = sourcecode.swift; path = ContentView.swift; sourceTree = "<group>"; };
		CE5C253A295F79EC0075CC73 /* Assets.xcassets */ = {isa = PBXFileReference; lastKnownFileType = folder.assetcatalog; path = Assets.xcassets; sourceTree = "<group>"; };
		CE5C253D295F79EC0075CC73 /* Preview Assets.xcassets */ = {isa = PBXFileReference; lastKnownFileType = folder.assetcatalog; path = "Preview Assets.xcassets"; sourceTree = "<group>"; };
		CE6691582963255100674F7F /* ARViewContainer.swift */ = {isa = PBXFileReference; lastKnownFileType = sourcecode.swift; path = ARViewContainer.swift; sourceTree = "<group>"; };
		CE66915A296327B800674F7F /* UIColor+Extension.swift */ = {isa = PBXFileReference; lastKnownFileType = sourcecode.swift; path = "UIColor+Extension.swift"; sourceTree = "<group>"; };
		CE66915F296339A800674F7F /* shoe.usdz */ = {isa = PBXFileReference; lastKnownFileType = file.usdz; path = shoe.usdz; sourceTree = "<group>"; };
		CE6691612963425B00674F7F /* toy-drummer.usdz */ = {isa = PBXFileReference; lastKnownFileType = file.usdz; path = "toy-drummer.usdz"; sourceTree = "<group>"; };
		CE6691632963536500674F7F /* lunar-rover.reality */ = {isa = PBXFileReference; lastKnownFileType = file; path = "lunar-rover.reality"; sourceTree = "<group>"; };
		CE66916529635D1D00674F7F /* OcclussionContainer.swift */ = {isa = PBXFileReference; lastKnownFileType = sourcecode.swift; path = OcclussionContainer.swift; sourceTree = "<group>"; };
		CE6691672963658C00674F7F /* VideoContainer.swift */ = {isa = PBXFileReference; lastKnownFileType = sourcecode.swift; path = VideoContainer.swift; sourceTree = "<group>"; };
		CE942A3229645D2C00DC9012 /* UnlitContainer.swift */ = {isa = PBXFileReference; lastKnownFileType = sourcecode.swift; path = UnlitContainer.swift; sourceTree = "<group>"; };
		CE942A4229645F7A00DC9012 /* TextureContainer.swift */ = {isa = PBXFileReference; lastKnownFileType = sourcecode.swift; path = TextureContainer.swift; sourceTree = "<group>"; };
		CE942A4429646D3B00DC9012 /* sonares-album.jpeg */ = {isa = PBXFileReference; lastKnownFileType = image.jpeg; path = "sonares-album.jpeg"; sourceTree = "<group>"; };
		CE942A4629646DE000DC9012 /* el-mundo-promo.mp4 */ = {isa = PBXFileReference; lastKnownFileType = file; path = "el-mundo-promo.mp4"; sourceTree = "<group>"; };
		CE942A4729646DF700DC9012 /* sonares-vinyl-promo-card.jpeg */ = {isa = PBXFileReference; lastKnownFileType = image.jpeg; path = "sonares-vinyl-promo-card.jpeg"; sourceTree = "<group>"; };
		CE942A4A29648EDD00DC9012 /* GravityContainer.swift */ = {isa = PBXFileReference; lastKnownFileType = sourcecode.swift; path = GravityContainer.swift; sourceTree = "<group>"; };
		CE942A4C296495DE00DC9012 /* CollisionDetectionContainer.swift */ = {isa = PBXFileReference; lastKnownFileType = sourcecode.swift; path = CollisionDetectionContainer.swift; sourceTree = "<group>"; };
		CE942A4E29649C1E00DC9012 /* CollisionDetectionTwoContainer.swift */ = {isa = PBXFileReference; lastKnownFileType = sourcecode.swift; path = CollisionDetectionTwoContainer.swift; sourceTree = "<group>"; };
		CE942A512964AD8000DC9012 /* MovableEntity.swift */ = {isa = PBXFileReference; lastKnownFileType = sourcecode.swift; path = MovableEntity.swift; sourceTree = "<group>"; };
		CE942A532964B36900DC9012 /* CoachingOverlayContainer.swift */ = {isa = PBXFileReference; lastKnownFileType = sourcecode.swift; path = CoachingOverlayContainer.swift; sourceTree = "<group>"; };
		CE942A552964BC6600DC9012 /* ARView+Extension.swift */ = {isa = PBXFileReference; lastKnownFileType = sourcecode.swift; path = "ARView+Extension.swift"; sourceTree = "<group>"; };
/* End PBXFileReference section */

/* Begin PBXFrameworksBuildPhase section */
		CE5C252E295F79EA0075CC73 /* Frameworks */ = {
			isa = PBXFrameworksBuildPhase;
			buildActionMask = 2147483647;
			files = (
			);
			runOnlyForDeploymentPostprocessing = 0;
		};
/* End PBXFrameworksBuildPhase section */

/* Begin PBXGroup section */
		CE5C2528295F79E90075CC73 = {
			isa = PBXGroup;
			children = (
				CE5C2533295F79EA0075CC73 /* ExamplesAR */,
				CE5C2532295F79EA0075CC73 /* Products */,
			);
			sourceTree = "<group>";
		};
		CE5C2532295F79EA0075CC73 /* Products */ = {
			isa = PBXGroup;
			children = (
				CE5C2531295F79EA0075CC73 /* ExamplesAR.app */,
			);
			name = Products;
			sourceTree = "<group>";
		};
		CE5C2533295F79EA0075CC73 /* ExamplesAR */ = {
			isa = PBXGroup;
			children = (
				CE66915C296327BC00674F7F /* Extensions */,
				CE942A3429645F1800DC9012 /* Resources */,
				CE66915D2963281B00674F7F /* Containers */,
				CE5C2534295F79EA0075CC73 /* AppDelegate.swift */,
				CE5C2536295F79EA0075CC73 /* ContentView.swift */,
				CE5C253A295F79EC0075CC73 /* Assets.xcassets */,
				CE5C253C295F79EC0075CC73 /* Preview Content */,
			);
			path = ExamplesAR;
			sourceTree = "<group>";
		};
		CE5C253C295F79EC0075CC73 /* Preview Content */ = {
			isa = PBXGroup;
			children = (
				CE5C253D295F79EC0075CC73 /* Preview Assets.xcassets */,
			);
			path = "Preview Content";
			sourceTree = "<group>";
		};
		CE66915C296327BC00674F7F /* Extensions */ = {
			isa = PBXGroup;
			children = (
				CE66915A296327B800674F7F /* UIColor+Extension.swift */,
				CE942A552964BC6600DC9012 /* ARView+Extension.swift */,
			);
			path = Extensions;
			sourceTree = "<group>";
		};
		CE66915D2963281B00674F7F /* Containers */ = {
			isa = PBXGroup;
			children = (
				CE6691582963255100674F7F /* ARViewContainer.swift */,
				CE66916529635D1D00674F7F /* OcclussionContainer.swift */,
				CE6691672963658C00674F7F /* VideoContainer.swift */,
				CE942A3229645D2C00DC9012 /* UnlitContainer.swift */,
				CE942A4229645F7A00DC9012 /* TextureContainer.swift */,
				CE942A4A29648EDD00DC9012 /* GravityContainer.swift */,
				CE942A4C296495DE00DC9012 /* CollisionDetectionContainer.swift */,
				CE942A4E29649C1E00DC9012 /* CollisionDetectionTwoContainer.swift */,
				CE942A532964B36900DC9012 /* CoachingOverlayContainer.swift */,
			);
			path = Containers;
			sourceTree = "<group>";
		};
		CE66915E2963398C00674F7F /* Meshes */ = {
			isa = PBXGroup;
			children = (
				CE6691632963536500674F7F /* lunar-rover.reality */,
				CE6691612963425B00674F7F /* toy-drummer.usdz */,
				CE66915F296339A800674F7F /* shoe.usdz */,
			);
			path = Meshes;
			sourceTree = "<group>";
		};
		CE6691692963660F00674F7F /* Videos */ = {
			isa = PBXGroup;
			children = (
				CE942A4629646DE000DC9012 /* el-mundo-promo.mp4 */,
			);
			path = Videos;
			sourceTree = "<group>";
		};
		CE942A3429645F1800DC9012 /* Resources */ = {
			isa = PBXGroup;
			children = (
				CE942A502964AD7400DC9012 /* Entities */,
				CE942A3529645F2B00DC9012 /* Images */,
				CE66915E2963398C00674F7F /* Meshes */,
				CE6691692963660F00674F7F /* Videos */,
			);
			path = Resources;
			sourceTree = "<group>";
		};
		CE942A3529645F2B00DC9012 /* Images */ = {
			isa = PBXGroup;
			children = (
				CE942A4729646DF700DC9012 /* sonares-vinyl-promo-card.jpeg */,
				CE942A4429646D3B00DC9012 /* sonares-album.jpeg */,
			);
			path = Images;
			sourceTree = "<group>";
		};
		CE942A502964AD7400DC9012 /* Entities */ = {
			isa = PBXGroup;
			children = (
				CE942A512964AD8000DC9012 /* MovableEntity.swift */,
			);
			path = Entities;
			sourceTree = "<group>";
		};
/* End PBXGroup section */

/* Begin PBXNativeTarget section */
		CE5C2530295F79EA0075CC73 /* ExamplesAR */ = {
			isa = PBXNativeTarget;
			buildConfigurationList = CE5C2541295F79EC0075CC73 /* Build configuration list for PBXNativeTarget "ExamplesAR" */;
			buildPhases = (
				CE5C252D295F79EA0075CC73 /* Sources */,
				CE5C252E295F79EA0075CC73 /* Frameworks */,
				CE5C252F295F79EA0075CC73 /* Resources */,
			);
			buildRules = (
			);
			dependencies = (
			);
			name = ExamplesAR;
			productName = HelloAR;
			productReference = CE5C2531295F79EA0075CC73 /* ExamplesAR.app */;
			productType = "com.apple.product-type.application";
		};
/* End PBXNativeTarget section */

/* Begin PBXProject section */
		CE5C2529295F79EA0075CC73 /* Project object */ = {
			isa = PBXProject;
			attributes = {
				BuildIndependentTargetsInParallel = 1;
				LastSwiftUpdateCheck = 1410;
				LastUpgradeCheck = 1410;
				TargetAttributes = {
					CE5C2530295F79EA0075CC73 = {
						CreatedOnToolsVersion = 14.1;
					};
				};
			};
			buildConfigurationList = CE5C252C295F79EA0075CC73 /* Build configuration list for PBXProject "ExamplesAR" */;
			compatibilityVersion = "Xcode 14.0";
			developmentRegion = en;
			hasScannedForEncodings = 0;
			knownRegions = (
				en,
				Base,
			);
			mainGroup = CE5C2528295F79E90075CC73;
			productRefGroup = CE5C2532295F79EA0075CC73 /* Products */;
			projectDirPath = "";
			projectRoot = "";
			targets = (
				CE5C2530295F79EA0075CC73 /* ExamplesAR */,
			);
		};
/* End PBXProject section */

/* Begin PBXResourcesBuildPhase section */
		CE5C252F295F79EA0075CC73 /* Resources */ = {
			isa = PBXResourcesBuildPhase;
			buildActionMask = 2147483647;
			files = (
				CE942A4929646F6F00DC9012 /* el-mundo-promo.mp4 in Resources */,
				CE942A4529646D3B00DC9012 /* sonares-album.jpeg in Resources */,
				CE669160296339A800674F7F /* shoe.usdz in Resources */,
				CE5C253E295F79EC0075CC73 /* Preview Assets.xcassets in Resources */,
				CE942A4829646DF700DC9012 /* sonares-vinyl-promo-card.jpeg in Resources */,
				CE5C253B295F79EC0075CC73 /* Assets.xcassets in Resources */,
				CE6691642963540400674F7F /* lunar-rover.reality in Resources */,
				CE6691622963425B00674F7F /* toy-drummer.usdz in Resources */,
			);
			runOnlyForDeploymentPostprocessing = 0;
		};
/* End PBXResourcesBuildPhase section */

/* Begin PBXSourcesBuildPhase section */
		CE5C252D295F79EA0075CC73 /* Sources */ = {
			isa = PBXSourcesBuildPhase;
			buildActionMask = 2147483647;
			files = (
				CE942A4F29649C1E00DC9012 /* CollisionDetectionTwoContainer.swift in Sources */,
				CE942A562964BC6600DC9012 /* ARView+Extension.swift in Sources */,
				CE5C2537295F79EA0075CC73 /* ContentView.swift in Sources */,
				CE6691682963658C00674F7F /* VideoContainer.swift in Sources */,
				CE6691592963255100674F7F /* ARViewContainer.swift in Sources */,
				CE942A3329645D2C00DC9012 /* UnlitContainer.swift in Sources */,
				CE942A4B29648EDD00DC9012 /* GravityContainer.swift in Sources */,
				CE5C2535295F79EA0075CC73 /* AppDelegate.swift in Sources */,
				CE942A4329645F7A00DC9012 /* TextureContainer.swift in Sources */,
				CE66915B296327B800674F7F /* UIColor+Extension.swift in Sources */,
				CE942A522964AD8000DC9012 /* MovableEntity.swift in Sources */,
				CE942A542964B36900DC9012 /* CoachingOverlayContainer.swift in Sources */,
				CE942A4D296495DE00DC9012 /* CollisionDetectionContainer.swift in Sources */,
				CE66916629635D1D00674F7F /* OcclussionContainer.swift in Sources */,
			);
			runOnlyForDeploymentPostprocessing = 0;
		};
/* End PBXSourcesBuildPhase section */

/* Begin XCBuildConfiguration section */
		CE5C253F295F79EC0075CC73 /* Debug */ = {
			isa = XCBuildConfiguration;
			buildSettings = {
				ALWAYS_SEARCH_USER_PATHS = NO;
				CLANG_ANALYZER_NONNULL = YES;
				CLANG_ANALYZER_NUMBER_OBJECT_CONVERSION = YES_AGGRESSIVE;
				CLANG_CXX_LANGUAGE_STANDARD = "gnu++20";
				CLANG_ENABLE_MODULES = YES;
				CLANG_ENABLE_OBJC_ARC = YES;
				CLANG_ENABLE_OBJC_WEAK = YES;
				CLANG_WARN_BLOCK_CAPTURE_AUTORELEASING = YES;
				CLANG_WARN_BOOL_CONVERSION = YES;
				CLANG_WARN_COMMA = YES;
				CLANG_WARN_CONSTANT_CONVERSION = YES;
				CLANG_WARN_DEPRECATED_OBJC_IMPLEMENTATIONS = YES;
				CLANG_WARN_DIRECT_OBJC_ISA_USAGE = YES_ERROR;
				CLANG_WARN_DOCUMENTATION_COMMENTS = YES;
				CLANG_WARN_EMPTY_BODY = YES;
				CLANG_WARN_ENUM_CONVERSION = YES;
				CLANG_WARN_INFINITE_RECURSION = YES;
				CLANG_WARN_INT_CONVERSION = YES;
				CLANG_WARN_NON_LITERAL_NULL_CONVERSION = YES;
				CLANG_WARN_OBJC_IMPLICIT_RETAIN_SELF = YES;
				CLANG_WARN_OBJC_LITERAL_CONVERSION = YES;
				CLANG_WARN_OBJC_ROOT_CLASS = YES_ERROR;
				CLANG_WARN_QUOTED_INCLUDE_IN_FRAMEWORK_HEADER = YES;
				CLANG_WARN_RANGE_LOOP_ANALYSIS = YES;
				CLANG_WARN_STRICT_PROTOTYPES = YES;
				CLANG_WARN_SUSPICIOUS_MOVE = YES;
				CLANG_WARN_UNGUARDED_AVAILABILITY = YES_AGGRESSIVE;
				CLANG_WARN_UNREACHABLE_CODE = YES;
				CLANG_WARN__DUPLICATE_METHOD_MATCH = YES;
				COPY_PHASE_STRIP = NO;
				DEBUG_INFORMATION_FORMAT = dwarf;
				ENABLE_STRICT_OBJC_MSGSEND = YES;
				ENABLE_TESTABILITY = YES;
				GCC_C_LANGUAGE_STANDARD = gnu11;
				GCC_DYNAMIC_NO_PIC = NO;
				GCC_NO_COMMON_BLOCKS = YES;
				GCC_OPTIMIZATION_LEVEL = 0;
				GCC_PREPROCESSOR_DEFINITIONS = (
					"DEBUG=1",
					"$(inherited)",
				);
				GCC_WARN_64_TO_32_BIT_CONVERSION = YES;
				GCC_WARN_ABOUT_RETURN_TYPE = YES_ERROR;
				GCC_WARN_UNDECLARED_SELECTOR = YES;
				GCC_WARN_UNINITIALIZED_AUTOS = YES_AGGRESSIVE;
				GCC_WARN_UNUSED_FUNCTION = YES;
				GCC_WARN_UNUSED_VARIABLE = YES;
				IPHONEOS_DEPLOYMENT_TARGET = 16.1;
				MTL_ENABLE_DEBUG_INFO = INCLUDE_SOURCE;
				MTL_FAST_MATH = YES;
				ONLY_ACTIVE_ARCH = YES;
				SDKROOT = iphoneos;
				SWIFT_ACTIVE_COMPILATION_CONDITIONS = DEBUG;
				SWIFT_OPTIMIZATION_LEVEL = "-Onone";
			};
			name = Debug;
		};
		CE5C2540295F79EC0075CC73 /* Release */ = {
			isa = XCBuildConfiguration;
			buildSettings = {
				ALWAYS_SEARCH_USER_PATHS = NO;
				CLANG_ANALYZER_NONNULL = YES;
				CLANG_ANALYZER_NUMBER_OBJECT_CONVERSION = YES_AGGRESSIVE;
				CLANG_CXX_LANGUAGE_STANDARD = "gnu++20";
				CLANG_ENABLE_MODULES = YES;
				CLANG_ENABLE_OBJC_ARC = YES;
				CLANG_ENABLE_OBJC_WEAK = YES;
				CLANG_WARN_BLOCK_CAPTURE_AUTORELEASING = YES;
				CLANG_WARN_BOOL_CONVERSION = YES;
				CLANG_WARN_COMMA = YES;
				CLANG_WARN_CONSTANT_CONVERSION = YES;
				CLANG_WARN_DEPRECATED_OBJC_IMPLEMENTATIONS = YES;
				CLANG_WARN_DIRECT_OBJC_ISA_USAGE = YES_ERROR;
				CLANG_WARN_DOCUMENTATION_COMMENTS = YES;
				CLANG_WARN_EMPTY_BODY = YES;
				CLANG_WARN_ENUM_CONVERSION = YES;
				CLANG_WARN_INFINITE_RECURSION = YES;
				CLANG_WARN_INT_CONVERSION = YES;
				CLANG_WARN_NON_LITERAL_NULL_CONVERSION = YES;
				CLANG_WARN_OBJC_IMPLICIT_RETAIN_SELF = YES;
				CLANG_WARN_OBJC_LITERAL_CONVERSION = YES;
				CLANG_WARN_OBJC_ROOT_CLASS = YES_ERROR;
				CLANG_WARN_QUOTED_INCLUDE_IN_FRAMEWORK_HEADER = YES;
				CLANG_WARN_RANGE_LOOP_ANALYSIS = YES;
				CLANG_WARN_STRICT_PROTOTYPES = YES;
				CLANG_WARN_SUSPICIOUS_MOVE = YES;
				CLANG_WARN_UNGUARDED_AVAILABILITY = YES_AGGRESSIVE;
				CLANG_WARN_UNREACHABLE_CODE = YES;
				CLANG_WARN__DUPLICATE_METHOD_MATCH = YES;
				COPY_PHASE_STRIP = NO;
				DEBUG_INFORMATION_FORMAT = "dwarf-with-dsym";
				ENABLE_NS_ASSERTIONS = NO;
				ENABLE_STRICT_OBJC_MSGSEND = YES;
				GCC_C_LANGUAGE_STANDARD = gnu11;
				GCC_NO_COMMON_BLOCKS = YES;
				GCC_WARN_64_TO_32_BIT_CONVERSION = YES;
				GCC_WARN_ABOUT_RETURN_TYPE = YES_ERROR;
				GCC_WARN_UNDECLARED_SELECTOR = YES;
				GCC_WARN_UNINITIALIZED_AUTOS = YES_AGGRESSIVE;
				GCC_WARN_UNUSED_FUNCTION = YES;
				GCC_WARN_UNUSED_VARIABLE = YES;
				IPHONEOS_DEPLOYMENT_TARGET = 16.1;
				MTL_ENABLE_DEBUG_INFO = NO;
				MTL_FAST_MATH = YES;
				SDKROOT = iphoneos;
				SWIFT_COMPILATION_MODE = wholemodule;
				SWIFT_OPTIMIZATION_LEVEL = "-O";
				VALIDATE_PRODUCT = YES;
			};
			name = Release;
		};
		CE5C2542295F79EC0075CC73 /* Debug */ = {
			isa = XCBuildConfiguration;
			buildSettings = {
				ASSETCATALOG_COMPILER_APPICON_NAME = AppIcon;
				ASSETCATALOG_COMPILER_GLOBAL_ACCENT_COLOR_NAME = AccentColor;
				CODE_SIGN_STYLE = Automatic;
				CURRENT_PROJECT_VERSION = 1;
				DEVELOPMENT_ASSET_PATHS = "\"ExamplesAR/Preview Content\"";
				DEVELOPMENT_TEAM = 765KFNJ7PQ;
				ENABLE_PREVIEWS = YES;
				GENERATE_INFOPLIST_FILE = YES;
				INFOPLIST_KEY_NSCameraUsageDescription = "";
				INFOPLIST_KEY_UIApplicationSupportsIndirectInputEvents = YES;
				INFOPLIST_KEY_UILaunchScreen_Generation = YES;
				INFOPLIST_KEY_UIRequiredDeviceCapabilities = arkit;
				INFOPLIST_KEY_UIStatusBarHidden = YES;
				INFOPLIST_KEY_UISupportedInterfaceOrientations_iPad = "UIInterfaceOrientationPortrait UIInterfaceOrientationPortraitUpsideDown UIInterfaceOrientationLandscapeLeft UIInterfaceOrientationLandscapeRight";
				INFOPLIST_KEY_UISupportedInterfaceOrientations_iPhone = "UIInterfaceOrientationPortrait UIInterfaceOrientationLandscapeLeft UIInterfaceOrientationLandscapeRight";
				LD_RUNPATH_SEARCH_PATHS = (
					"$(inherited)",
					"@executable_path/Frameworks",
				);
				MARKETING_VERSION = 1.0;
				PRODUCT_BUNDLE_IDENTIFIER = aledev.ExamplesAR;
				PRODUCT_NAME = "$(TARGET_NAME)";
				SWIFT_EMIT_LOC_STRINGS = YES;
				SWIFT_VERSION = 5.0;
				TARGETED_DEVICE_FAMILY = "1,2";
			};
			name = Debug;
		};
		CE5C2543295F79EC0075CC73 /* Release */ = {
			isa = XCBuildConfiguration;
			buildSettings = {
				ASSETCATALOG_COMPILER_APPICON_NAME = AppIcon;
				ASSETCATALOG_COMPILER_GLOBAL_ACCENT_COLOR_NAME = AccentColor;
				CODE_SIGN_STYLE = Automatic;
				CURRENT_PROJECT_VERSION = 1;
				DEVELOPMENT_ASSET_PATHS = "\"ExamplesAR/Preview Content\"";
				DEVELOPMENT_TEAM = 765KFNJ7PQ;
				ENABLE_PREVIEWS = YES;
				GENERATE_INFOPLIST_FILE = YES;
				INFOPLIST_KEY_NSCameraUsageDescription = "";
				INFOPLIST_KEY_UIApplicationSupportsIndirectInputEvents = YES;
				INFOPLIST_KEY_UILaunchScreen_Generation = YES;
				INFOPLIST_KEY_UIRequiredDeviceCapabilities = arkit;
				INFOPLIST_KEY_UIStatusBarHidden = YES;
				INFOPLIST_KEY_UISupportedInterfaceOrientations_iPad = "UIInterfaceOrientationPortrait UIInterfaceOrientationPortraitUpsideDown UIInterfaceOrientationLandscapeLeft UIInterfaceOrientationLandscapeRight";
				INFOPLIST_KEY_UISupportedInterfaceOrientations_iPhone = "UIInterfaceOrientationPortrait UIInterfaceOrientationLandscapeLeft UIInterfaceOrientationLandscapeRight";
				LD_RUNPATH_SEARCH_PATHS = (
					"$(inherited)",
					"@executable_path/Frameworks",
				);
				MARKETING_VERSION = 1.0;
				PRODUCT_BUNDLE_IDENTIFIER = aledev.ExamplesAR;
				PRODUCT_NAME = "$(TARGET_NAME)";
				SWIFT_EMIT_LOC_STRINGS = YES;
				SWIFT_VERSION = 5.0;
				TARGETED_DEVICE_FAMILY = "1,2";
			};
			name = Release;
		};
/* End XCBuildConfiguration section */

/* Begin XCConfigurationList section */
		CE5C252C295F79EA0075CC73 /* Build configuration list for PBXProject "ExamplesAR" */ = {
			isa = XCConfigurationList;
			buildConfigurations = (
				CE5C253F295F79EC0075CC73 /* Debug */,
				CE5C2540295F79EC0075CC73 /* Release */,
			);
			defaultConfigurationIsVisible = 0;
			defaultConfigurationName = Release;
		};
		CE5C2541295F79EC0075CC73 /* Build configuration list for PBXNativeTarget "ExamplesAR" */ = {
			isa = XCConfigurationList;
			buildConfigurations = (
				CE5C2542295F79EC0075CC73 /* Debug */,
				CE5C2543295F79EC0075CC73 /* Release */,
			);
			defaultConfigurationIsVisible = 0;
			defaultConfigurationName = Release;
		};
/* End XCConfigurationList section */
	};
	rootObject = CE5C2529295F79EA0075CC73 /* Project object */;
}
